Microsoft Visual Studio Solution File, Format Version 12.00
# Visual Studio Version 17
VisualStudioVersion = 17.5.2.0
MinimumVisualStudioVersion = 10.0.40219.1
Project("{FAE04EC0-301F-11D3-BF4B-00C04F79EFBC}") = "CimtasHrPanel", "CimtasHrPanel.csproj", "{AF928174-6A7E-D936-327F-98C12EBE8005}"
EndProject
Global
	GlobalSection(SolutionConfigurationPlatforms) = preSolution
		Debug|Any CPU = Debug|Any CPU
		Release|Any CPU = Release|Any CPU
	EndGlobalSection
	GlobalSection(ProjectConfigurationPlatforms) = postSolution
		{AF928174-6A7E-D936-327F-98C12EBE8005}.Debug|Any CPU.ActiveCfg = Debug|Any CPU
		{AF928174-6A7E-D936-327F-98C12EBE8005}.Debug|Any CPU.Build.0 = Debug|Any CPU
		{AF928174-6A7E-D936-327F-98C12EBE8005}.Release|Any CPU.ActiveCfg = Release|Any CPU
		{AF928174-6A7E-D936-327F-98C12EBE8005}.Release|Any CPU.Build.0 = Release|Any CPU
	EndGlobalSection
	GlobalSection(SolutionProperties) = preSolution
		HideSolutionNode = FALSE
	EndGlobalSection
	GlobalSection(ExtensibilityGlobals) = postSolution
		SolutionGuid = {45936ED0-BB34-4818-B26D-4C77C654E2E8}
	EndGlobalSection
EndGlobal
